
Microsoft Visual Studio Solution File, Format Version 12.00
# Visual Studio Version 17
VisualStudioVersion = 17.14.36623.8 d17.14
MinimumVisualStudioVersion = 10.0.40219.1
Project("{888888A0-9F3D-457C-B088-3A5042F75D52}") = "sinus-rechner", "sinus-rechner\sinus-rechner.pyproj", "{EE319A1F-03BA-427D-B880-C89021EA57DD}"
EndProject
Global
	GlobalSection(SolutionConfigurationPlatforms) = preSolution
		Debug|Any CPU = Debug|Any CPU
		Release|Any CPU = Release|Any CPU
	EndGlobalSection
	GlobalSection(ProjectConfigurationPlatforms) = postSolution
		{EE319A1F-03BA-427D-B880-C89021EA57DD}.Debug|Any CPU.ActiveCfg = Debug|Any CPU
		{EE319A1F-03BA-427D-B880-C89021EA57DD}.Release|Any CPU.ActiveCfg = Release|Any CPU
	EndGlobalSection
	GlobalSection(SolutionProperties) = preSolution
		HideSolutionNode = FALSE
	EndGlobalSection
	GlobalSection(ExtensibilityGlobals) = postSolution
		SolutionGuid = {3D266CCD-C27D-42B8-97A7-33B39B73DEDD}
	EndGlobalSection
EndGlobal
